
Microsoft Visual Studio Solution File, Format Version 12.00
# Visual Studio Version 16
VisualStudioVersion = 16.0.28729.10
MinimumVisualStudioVersion = 10.0.40219.1
Project("{2150E333-8FDC-42A3-9474-1A3956D46DE8}") = "Foundation", "Foundation", "{13042F00-5A9E-45B2-8B65-7C65BBE64D5C}"
EndProject
Project("{2150E333-8FDC-42A3-9474-1A3956D46DE8}") = "Serialization", "Serialization", "{90B4DFAB-3ACB-43EA-A5DB-FB7502382FFC}"
EndProject
Project("{2150E333-8FDC-42A3-9474-1A3956D46DE8}") = "Feature", "Feature", "{4126CF27-F773-4C45-AD9B-6DFE386F9471}"
EndProject
Project("{2150E333-8FDC-42A3-9474-1A3956D46DE8}") = "Project", "Project", "{DA617726-83CA-4025-BEF9-17653E0F4F54}"
EndProject
Project("{2150E333-8FDC-42A3-9474-1A3956D46DE8}") = "Styleguide", "Styleguide", "{0E31368A-8483-4BA6-9B77-A83BE3766D19}"
EndProject
Project("{2150E333-8FDC-42A3-9474-1A3956D46DE8}") = "Build Tools", "Build Tools", "{72C6705A-5AF4-4C9B-BBA5-44447B26378D}"
	ProjectSection(SolutionItems) = preProject
		build-tools\CreatePackage.ps1 = build-tools\CreatePackage.ps1
		build-tools\publish.ps1 = build-tools\publish.ps1
		build-tools\publishsettings.targets = build-tools\publishsettings.targets
	EndProjectSection
EndProject
Project("{FAE04EC0-301F-11D3-BF4B-00C04F79EFBC}") = "Sitecore.XA.Styleguide.Serialization", "src\Foundation\Serialization\code\Sitecore.XA.Styleguide.Serialization\Sitecore.XA.Styleguide.Serialization.csproj", "{1C0F6A76-E61A-4805-A493-A684B08458C8}"
EndProject
Project("{FAE04EC0-301F-11D3-BF4B-00C04F79EFBC}") = "Sitecore.XA.Styleguide.Project.Website", "src\Project\Styleguide\code\Sitecore.XA.Styleguide.Project.Website\Sitecore.XA.Styleguide.Project.Website.csproj", "{7FD8AF5E-B636-436A-9E57-B677A351CECB}"
EndProject
Global
	GlobalSection(SolutionConfigurationPlatforms) = preSolution
		Debug|Any CPU = Debug|Any CPU
		Release|Any CPU = Release|Any CPU
	EndGlobalSection
	GlobalSection(ProjectConfigurationPlatforms) = postSolution
		{1C0F6A76-E61A-4805-A493-A684B08458C8}.Debug|Any CPU.ActiveCfg = Debug|Any CPU
		{1C0F6A76-E61A-4805-A493-A684B08458C8}.Debug|Any CPU.Build.0 = Debug|Any CPU
		{1C0F6A76-E61A-4805-A493-A684B08458C8}.Release|Any CPU.ActiveCfg = Release|Any CPU
		{1C0F6A76-E61A-4805-A493-A684B08458C8}.Release|Any CPU.Build.0 = Release|Any CPU
		{7FD8AF5E-B636-436A-9E57-B677A351CECB}.Debug|Any CPU.ActiveCfg = Debug|Any CPU
		{7FD8AF5E-B636-436A-9E57-B677A351CECB}.Debug|Any CPU.Build.0 = Debug|Any CPU
		{7FD8AF5E-B636-436A-9E57-B677A351CECB}.Release|Any CPU.ActiveCfg = Release|Any CPU
		{7FD8AF5E-B636-436A-9E57-B677A351CECB}.Release|Any CPU.Build.0 = Release|Any CPU
	EndGlobalSection
	GlobalSection(SolutionProperties) = preSolution
		HideSolutionNode = FALSE
	EndGlobalSection
	GlobalSection(NestedProjects) = preSolution
		{90B4DFAB-3ACB-43EA-A5DB-FB7502382FFC} = {13042F00-5A9E-45B2-8B65-7C65BBE64D5C}
		{0E31368A-8483-4BA6-9B77-A83BE3766D19} = {DA617726-83CA-4025-BEF9-17653E0F4F54}
		{1C0F6A76-E61A-4805-A493-A684B08458C8} = {90B4DFAB-3ACB-43EA-A5DB-FB7502382FFC}
		{7FD8AF5E-B636-436A-9E57-B677A351CECB} = {0E31368A-8483-4BA6-9B77-A83BE3766D19}
	EndGlobalSection
	GlobalSection(ExtensibilityGlobals) = postSolution
		SolutionGuid = {B9F2643B-1A92-450B-A533-15250AE8D3D3}
	EndGlobalSection
EndGlobal
