
Microsoft Visual Studio Solution File, Format Version 12.00
# Visual Studio Version 16
VisualStudioVersion = 16.0.28803.202
MinimumVisualStudioVersion = 10.0.40219.1
Project("{2150E333-8FDC-42A3-9474-1A3956D46DE8}") = "Feature", "Feature", "{3FDE4019-7549-45E2-97C4-8D6D148FA76E}"
EndProject
Project("{2150E333-8FDC-42A3-9474-1A3956D46DE8}") = "Foundation", "Foundation", "{0CF05B0A-62EF-4332-85DF-5D7BF3DE40B2}"
EndProject
Project("{2150E333-8FDC-42A3-9474-1A3956D46DE8}") = "Project", "Project", "{E43C00A3-FA53-429E-B718-D0E3AE1646E1}"
EndProject
Project("{2150E333-8FDC-42A3-9474-1A3956D46DE8}") = "Website", "Website", "{87468E3A-57D7-4E6B-BAB6-097B4CD7338B}"
EndProject
Project("{9A19103F-16F7-4668-BE54-9A1E7A4F7556}") = "Project.Website", "src\Project\Website\website\Project.Website.csproj", "{A06B5824-54A0-42D1-8D95-07CAEAC6AD63}"
EndProject
Project("{2150E333-8FDC-42A3-9474-1A3956D46DE8}") = "Serialization", "Serialization", "{25A8F9CC-2A35-4E4D-929F-CF862FE468CE}"
EndProject
Project("{9A19103F-16F7-4668-BE54-9A1E7A4F7556}") = "Foundation.Serialization", "src\Foundation\Serialization\website\Foundation.Serialization.csproj", "{5E6B8590-3A8B-42A7-8EBD-E3133F51F7D3}"
EndProject
Project("{2150E333-8FDC-42A3-9474-1A3956D46DE8}") = "CssAnimation", "CssAnimation", "{6ECFBE62-6EE4-4750-9E75-F36C4776E036}"
EndProject
Project("{9A19103F-16F7-4668-BE54-9A1E7A4F7556}") = "Feature.CssAnimation", "src\Feature\CssAnimation\website\Feature.CssAnimation.csproj", "{5FF37AFC-28B7-4247-B17B-EEC56FD7E27C}"
EndProject
Project("{2150E333-8FDC-42A3-9474-1A3956D46DE8}") = "props", "props", "{09AAFBEF-B279-4E8F-B3DD-0ED1FB7015E6}"
	ProjectSection(SolutionItems) = preProject
		build\props\Website.BuildProperties.props = build\props\Website.BuildProperties.props
		build\props\Website.PackageReferences.props = build\props\Website.PackageReferences.props
		build\props\Website.ProjectContent.props = build\props\Website.ProjectContent.props
		build\props\Website.Publishing.props = build\props\Website.Publishing.props
		build\props\Website.References.props = build\props\Website.References.props
	EndProjectSection
EndProject
Project("{2150E333-8FDC-42A3-9474-1A3956D46DE8}") = "targets", "targets", "{6A934D87-C473-42E2-8B2E-A6D0B1631C4E}"
	ProjectSection(SolutionItems) = preProject
		build\targets\Website.AutoPublish.targets = build\targets\Website.AutoPublish.targets
		build\targets\Website.DoNotPublishAssembly.props = build\targets\Website.DoNotPublishAssembly.props
		build\targets\Website.PublishSingleItem.targets = build\targets\Website.PublishSingleItem.targets
		build\targets\Website.RemoveDoNotPublishAssembly.targets = build\targets\Website.RemoveDoNotPublishAssembly.targets
		build\targets\Website.TransformXml.targets = build\targets\Website.TransformXml.targets
	EndProjectSection
EndProject
Project("{2150E333-8FDC-42A3-9474-1A3956D46DE8}") = ".build", ".build", "{A8D6462C-D639-49B9-8177-4631B2DF032B}"
	ProjectSection(SolutionItems) = preProject
		Directory.Build.props = Directory.Build.props
		Directory.Build.targets = Directory.Build.targets
		nuget.config = nuget.config
		build\Solution.config = build\Solution.config
	EndProjectSection
EndProject
Project("{2150E333-8FDC-42A3-9474-1A3956D46DE8}") = "Solution Items", "Solution Items", "{353F6E15-9C8A-4806-9DC1-AC68DC890FFA}"
	ProjectSection(SolutionItems) = preProject
		README.md = README.md
		.docs\img\styleguide.svg = .docs\img\styleguide.svg
	EndProjectSection
EndProject
Project("{2150E333-8FDC-42A3-9474-1A3956D46DE8}") = "docs", "docs", "{7DFEAD5C-D9AD-4F08-93C1-88BAB9167965}"
EndProject
Project("{2150E333-8FDC-42A3-9474-1A3956D46DE8}") = ".img", ".img", "{F6EEFA96-4A22-459B-B655-9C8448AB5EF8}"
	ProjectSection(SolutionItems) = preProject
		.docs\img\styleguide.svg = .docs\img\styleguide.svg
	EndProjectSection
EndProject
Global
	GlobalSection(SolutionConfigurationPlatforms) = preSolution
		Debug|Any CPU = Debug|Any CPU
		Release|Any CPU = Release|Any CPU
	EndGlobalSection
	GlobalSection(ProjectConfigurationPlatforms) = postSolution
		{A06B5824-54A0-42D1-8D95-07CAEAC6AD63}.Debug|Any CPU.ActiveCfg = Debug|Any CPU
		{A06B5824-54A0-42D1-8D95-07CAEAC6AD63}.Debug|Any CPU.Build.0 = Debug|Any CPU
		{A06B5824-54A0-42D1-8D95-07CAEAC6AD63}.Release|Any CPU.ActiveCfg = Release|Any CPU
		{A06B5824-54A0-42D1-8D95-07CAEAC6AD63}.Release|Any CPU.Build.0 = Release|Any CPU
		{5E6B8590-3A8B-42A7-8EBD-E3133F51F7D3}.Debug|Any CPU.ActiveCfg = Debug|Any CPU
		{5E6B8590-3A8B-42A7-8EBD-E3133F51F7D3}.Debug|Any CPU.Build.0 = Debug|Any CPU
		{5E6B8590-3A8B-42A7-8EBD-E3133F51F7D3}.Release|Any CPU.ActiveCfg = Release|Any CPU
		{5E6B8590-3A8B-42A7-8EBD-E3133F51F7D3}.Release|Any CPU.Build.0 = Release|Any CPU
		{5FF37AFC-28B7-4247-B17B-EEC56FD7E27C}.Debug|Any CPU.ActiveCfg = Debug|Any CPU
		{5FF37AFC-28B7-4247-B17B-EEC56FD7E27C}.Debug|Any CPU.Build.0 = Debug|Any CPU
		{5FF37AFC-28B7-4247-B17B-EEC56FD7E27C}.Release|Any CPU.ActiveCfg = Release|Any CPU
		{5FF37AFC-28B7-4247-B17B-EEC56FD7E27C}.Release|Any CPU.Build.0 = Release|Any CPU
	EndGlobalSection
	GlobalSection(SolutionProperties) = preSolution
		HideSolutionNode = FALSE
	EndGlobalSection
	GlobalSection(NestedProjects) = preSolution
		{87468E3A-57D7-4E6B-BAB6-097B4CD7338B} = {E43C00A3-FA53-429E-B718-D0E3AE1646E1}
		{A06B5824-54A0-42D1-8D95-07CAEAC6AD63} = {87468E3A-57D7-4E6B-BAB6-097B4CD7338B}
		{25A8F9CC-2A35-4E4D-929F-CF862FE468CE} = {0CF05B0A-62EF-4332-85DF-5D7BF3DE40B2}
		{5E6B8590-3A8B-42A7-8EBD-E3133F51F7D3} = {25A8F9CC-2A35-4E4D-929F-CF862FE468CE}
		{6ECFBE62-6EE4-4750-9E75-F36C4776E036} = {3FDE4019-7549-45E2-97C4-8D6D148FA76E}
		{5FF37AFC-28B7-4247-B17B-EEC56FD7E27C} = {6ECFBE62-6EE4-4750-9E75-F36C4776E036}
		{09AAFBEF-B279-4E8F-B3DD-0ED1FB7015E6} = {A8D6462C-D639-49B9-8177-4631B2DF032B}
		{6A934D87-C473-42E2-8B2E-A6D0B1631C4E} = {A8D6462C-D639-49B9-8177-4631B2DF032B}
		{7DFEAD5C-D9AD-4F08-93C1-88BAB9167965} = {353F6E15-9C8A-4806-9DC1-AC68DC890FFA}
		{F6EEFA96-4A22-459B-B655-9C8448AB5EF8} = {7DFEAD5C-D9AD-4F08-93C1-88BAB9167965}
	EndGlobalSection
	GlobalSection(ExtensibilityGlobals) = postSolution
		SolutionGuid = {54DAD990-0C82-45DF-8FD1-535600678D97}
	EndGlobalSection
EndGlobal
